
Microsoft Visual Studio Solution File, Format Version 12.00
# Visual Studio Version 17
VisualStudioVersion = 17.3.32825.248
MinimumVisualStudioVersion = 10.0.40219.1
Project("{FAE04EC0-301F-11D3-BF4B-00C04F79EFBC}") = "InteracaoHTTP", "InteracaoHTTP\InteracaoHTTP.csproj", "{FFB6106D-D856-4A25-AEB8-3DD97C487E45}"
EndProject
Global
	GlobalSection(SolutionConfigurationPlatforms) = preSolution
		Debug|Any CPU = Debug|Any CPU
		Release|Any CPU = Release|Any CPU
	EndGlobalSection
	GlobalSection(ProjectConfigurationPlatforms) = postSolution
		{FFB6106D-D856-4A25-AEB8-3DD97C487E45}.Debug|Any CPU.ActiveCfg = Debug|Any CPU
		{FFB6106D-D856-4A25-AEB8-3DD97C487E45}.Debug|Any CPU.Build.0 = Debug|Any CPU
		{FFB6106D-D856-4A25-AEB8-3DD97C487E45}.Release|Any CPU.ActiveCfg = Release|Any CPU
		{FFB6106D-D856-4A25-AEB8-3DD97C487E45}.Release|Any CPU.Build.0 = Release|Any CPU
	EndGlobalSection
	GlobalSection(SolutionProperties) = preSolution
		HideSolutionNode = FALSE
	EndGlobalSection
	GlobalSection(ExtensibilityGlobals) = postSolution
		SolutionGuid = {D16669F8-1201-4F29-B440-85D8C6633F70}
	EndGlobalSection
EndGlobal
